// !$*UTF8*$!
{
	archiveVersion = 1;
	classes = {
	};
	objectVersion = 46;
	objects = {

/* Begin PBXBuildFile section */
		1510F64819E3F17D00CF73A0 /* main.cpp in Sources */ = {isa = PBXBuildFile; fileRef = 1510F64319E3F17D00CF73A0 /* main.cpp */; };
		1510F64919E3F17D00CF73A0 /* MainFuncs.cpp in Sources */ = {isa = PBXBuildFile; fileRef = 1510F64419E3F17D00CF73A0 /* MainFuncs.cpp */; };
		1510F64C19E3F23800CF73A0 /* SDL2.framework in Frameworks */ = {isa = PBXBuildFile; fileRef = 1510F64B19E3F23800CF73A0 /* SDL2.framework */; };
/* End PBXBuildFile section */

/* Begin PBXCopyFilesBuildPhase section */
		1510F62D19E3F16800CF73A0 /* CopyFiles */ = {
			isa = PBXCopyFilesBuildPhase;
			buildActionMask = 2147483647;
			dstPath = /usr/share/man/man1/;
			dstSubfolderSpec = 0;
			files = (
			);
			runOnlyForDeploymentPostprocessing = 1;
		};
/* End PBXCopyFilesBuildPhase section */

/* Begin PBXFileReference section */
		1510F62F19E3F16800CF73A0 /* Snake */ = {isa = PBXFileReference; explicitFileType = "compiled.mach-o.executable"; includeInIndex = 0; path = Snake; sourceTree = BUILT_PRODUCTS_DIR; };
		1510F63D19E3F17D00CF73A0 /* CircList.h */ = {isa = PBXFileReference; fileEncoding = 4; lastKnownFileType = sourcecode.c.h; path = CircList.h; sourceTree = "<group>"; };
		1510F63E19E3F17D00CF73A0 /* MainFuncs.h */ = {isa = PBXFileReference; fileEncoding = 4; lastKnownFileType = sourcecode.c.h; path = MainFuncs.h; sourceTree = "<group>"; };
		1510F64319E3F17D00CF73A0 /* main.cpp */ = {isa = PBXFileReference; fileEncoding = 4; lastKnownFileType = sourcecode.cpp.cpp; path = main.cpp; sourceTree = "<group>"; };
		1510F64419E3F17D00CF73A0 /* MainFuncs.cpp */ = {isa = PBXFileReference; fileEncoding = 4; lastKnownFileType = sourcecode.cpp.cpp; path = MainFuncs.cpp; sourceTree = "<group>"; };
		1510F64B19E3F23800CF73A0 /* SDL2.framework */ = {isa = PBXFileReference; lastKnownFileType = wrapper.framework; name = SDL2.framework; path = ../../../../../Library/Frameworks/SDL2.framework; sourceTree = "<group>"; };
		15A4773819E525B600FFCC0E /* Maths.h */ = {isa = PBXFileReference; lastKnownFileType = sourcecode.c.h; path = Maths.h; sourceTree = "<group>"; };
		15A4773B19E54B8B00FFCC0E /* EventHandler.h */ = {isa = PBXFileReference; lastKnownFileType = sourcecode.c.h; path = EventHandler.h; sourceTree = "<group>"; };
/* End PBXFileReference section */

/* Begin PBXFrameworksBuildPhase section */
		1510F62C19E3F16800CF73A0 /* Frameworks */ = {
			isa = PBXFrameworksBuildPhase;
			buildActionMask = 2147483647;
			files = (
				1510F64C19E3F23800CF73A0 /* SDL2.framework in Frameworks */,
			);
			runOnlyForDeploymentPostprocessing = 0;
		};
/* End PBXFrameworksBuildPhase section */

/* Begin PBXGroup section */
		1510F62619E3F16800CF73A0 = {
			isa = PBXGroup;
			children = (
				1510F64B19E3F23800CF73A0 /* SDL2.framework */,
				1510F63B19E3F17D00CF73A0 /* SDL_Snake */,
				1510F63019E3F16800CF73A0 /* Products */,
			);
			sourceTree = "<group>";
		};
		1510F63019E3F16800CF73A0 /* Products */ = {
			isa = PBXGroup;
			children = (
				1510F62F19E3F16800CF73A0 /* Snake */,
			);
			name = Products;
			sourceTree = "<group>";
		};
		1510F63B19E3F17D00CF73A0 /* SDL_Snake */ = {
			isa = PBXGroup;
			children = (
				1510F63C19E3F17D00CF73A0 /* include */,
				1510F64119E3F17D00CF73A0 /* src */,
			);
			name = SDL_Snake;
			path = ../SDL_Snake;
			sourceTree = "<group>";
		};
		1510F63C19E3F17D00CF73A0 /* include */ = {
			isa = PBXGroup;
			children = (
				15A4773819E525B600FFCC0E /* Maths.h */,
				1510F63D19E3F17D00CF73A0 /* CircList.h */,
				15A4773B19E54B8B00FFCC0E /* EventHandler.h */,
				1510F63E19E3F17D00CF73A0 /* MainFuncs.h */,
			);
			path = include;
			sourceTree = "<group>";
		};
		1510F64119E3F17D00CF73A0 /* src */ = {
			isa = PBXGroup;
			children = (
				1510F64319E3F17D00CF73A0 /* main.cpp */,
				1510F64419E3F17D00CF73A0 /* MainFuncs.cpp */,
			);
			path = src;
			sourceTree = "<group>";
		};
/* End PBXGroup section */

/* Begin PBXNativeTarget section */
		1510F62E19E3F16800CF73A0 /* Snake */ = {
			isa = PBXNativeTarget;
			buildConfigurationList = 1510F63819E3F16800CF73A0 /* Build configuration list for PBXNativeTarget "Snake" */;
			buildPhases = (
				1510F62B19E3F16800CF73A0 /* Sources */,
				1510F62C19E3F16800CF73A0 /* Frameworks */,
				1510F62D19E3F16800CF73A0 /* CopyFiles */,
			);
			buildRules = (
			);
			dependencies = (
			);
			name = Snake;
			productName = Snake;
			productReference = 1510F62F19E3F16800CF73A0 /* Snake */;
			productType = "com.apple.product-type.tool";
		};
/* End PBXNativeTarget section */

/* Begin PBXProject section */
		1510F62719E3F16800CF73A0 /* Project object */ = {
			isa = PBXProject;
			attributes = {
				LastUpgradeCheck = 0510;
				ORGANIZATIONNAME = "___FULLUSERNAME___";
			};
			buildConfigurationList = 1510F62A19E3F16800CF73A0 /* Build configuration list for PBXProject "Snake" */;
			compatibilityVersion = "Xcode 3.2";
			developmentRegion = English;
			hasScannedForEncodings = 0;
			knownRegions = (
				en,
			);
			mainGroup = 1510F62619E3F16800CF73A0;
			productRefGroup = 1510F63019E3F16800CF73A0 /* Products */;
			projectDirPath = "";
			projectRoot = "";
			targets = (
				1510F62E19E3F16800CF73A0 /* Snake */,
			);
		};
/* End PBXProject section */

/* Begin PBXSourcesBuildPhase section */
		1510F62B19E3F16800CF73A0 /* Sources */ = {
			isa = PBXSourcesBuildPhase;
			buildActionMask = 2147483647;
			files = (
				1510F64819E3F17D00CF73A0 /* main.cpp in Sources */,
				1510F64919E3F17D00CF73A0 /* MainFuncs.cpp in Sources */,
			);
			runOnlyForDeploymentPostprocessing = 0;
		};
/* End PBXSourcesBuildPhase section */

/* Begin XCBuildConfiguration section */
		1510F63619E3F16800CF73A0 /* Debug */ = {
			isa = XCBuildConfiguration;
			buildSettings = {
				ALWAYS_SEARCH_USER_PATHS = NO;
				CLANG_CXX_LANGUAGE_STANDARD = "gnu++0x";
				CLANG_CXX_LIBRARY = "libc++";
				CLANG_ENABLE_MODULES = YES;
				CLANG_ENABLE_OBJC_ARC = YES;
				CLANG_WARN_BOOL_CONVERSION = YES;
				CLANG_WARN_CONSTANT_CONVERSION = YES;
				CLANG_WARN_DIRECT_OBJC_ISA_USAGE = YES_ERROR;
				CLANG_WARN_EMPTY_BODY = YES;
				CLANG_WARN_ENUM_CONVERSION = YES;
				CLANG_WARN_INT_CONVERSION = YES;
				CLANG_WARN_OBJC_ROOT_CLASS = YES_ERROR;
				CLANG_WARN__DUPLICATE_METHOD_MATCH = YES;
				COPY_PHASE_STRIP = NO;
				GCC_C_LANGUAGE_STANDARD = gnu99;
				GCC_DYNAMIC_NO_PIC = NO;
				GCC_ENABLE_OBJC_EXCEPTIONS = YES;
				GCC_OPTIMIZATION_LEVEL = 0;
				GCC_PREPROCESSOR_DEFINITIONS = (
					"DEBUG=1",
					"$(inherited)",
				);
				GCC_SYMBOLS_PRIVATE_EXTERN = NO;
				GCC_WARN_64_TO_32_BIT_CONVERSION = YES;
				GCC_WARN_ABOUT_RETURN_TYPE = YES_ERROR;
				GCC_WARN_UNDECLARED_SELECTOR = YES;
				GCC_WARN_UNINITIALIZED_AUTOS = YES_AGGRESSIVE;
				GCC_WARN_UNUSED_FUNCTION = YES;
				GCC_WARN_UNUSED_VARIABLE = YES;
				MACOSX_DEPLOYMENT_TARGET = 10.10;
				ONLY_ACTIVE_ARCH = YES;
				SDKROOT = macosx;
			};
			name = Debug;
		};
		1510F63719E3F16800CF73A0 /* Release */ = {
			isa = XCBuildConfiguration;
			buildSettings = {
				ALWAYS_SEARCH_USER_PATHS = NO;
				CLANG_CXX_LANGUAGE_STANDARD = "gnu++0x";
				CLANG_CXX_LIBRARY = "libc++";
				CLANG_ENABLE_MODULES = YES;
				CLANG_ENABLE_OBJC_ARC = YES;
				CLANG_WARN_BOOL_CONVERSION = YES;
				CLANG_WARN_CONSTANT_CONVERSION = YES;
				CLANG_WARN_DIRECT_OBJC_ISA_USAGE = YES_ERROR;
				CLANG_WARN_EMPTY_BODY = YES;
				CLANG_WARN_ENUM_CONVERSION = YES;
				CLANG_WARN_INT_CONVERSION = YES;
				CLANG_WARN_OBJC_ROOT_CLASS = YES_ERROR;
				CLANG_WARN__DUPLICATE_METHOD_MATCH = YES;
				COPY_PHASE_STRIP = YES;
				DEBUG_INFORMATION_FORMAT = "dwarf-with-dsym";
				ENABLE_NS_ASSERTIONS = NO;
				GCC_C_LANGUAGE_STANDARD = gnu99;
				GCC_ENABLE_OBJC_EXCEPTIONS = YES;
				GCC_WARN_64_TO_32_BIT_CONVERSION = YES;
				GCC_WARN_ABOUT_RETURN_TYPE = YES_ERROR;
				GCC_WARN_UNDECLARED_SELECTOR = YES;
				GCC_WARN_UNINITIALIZED_AUTOS = YES_AGGRESSIVE;
				GCC_WARN_UNUSED_FUNCTION = YES;
				GCC_WARN_UNUSED_VARIABLE = YES;
				MACOSX_DEPLOYMENT_TARGET = 10.10;
				SDKROOT = macosx;
			};
			name = Release;
		};
		1510F63919E3F16800CF73A0 /* Debug */ = {
			isa = XCBuildConfiguration;
			buildSettings = {
				FRAMEWORK_SEARCH_PATHS = (
					"$(inherited)",
					"$(LOCAL_LIBRARY_DIR)/Frameworks",
				);
				MACOSX_DEPLOYMENT_TARGET = 10.9;
				OTHER_LDFLAGS = "-v";
				PRODUCT_NAME = "$(TARGET_NAME)";
				WARNING_LDFLAGS = "";
			};
			name = Debug;
		};
		1510F63A19E3F16800CF73A0 /* Release */ = {
			isa = XCBuildConfiguration;
			buildSettings = {
				FRAMEWORK_SEARCH_PATHS = (
					"$(inherited)",
					"$(LOCAL_LIBRARY_DIR)/Frameworks",
				);
				MACOSX_DEPLOYMENT_TARGET = 10.9;
				OTHER_LDFLAGS = "-v";
				PRODUCT_NAME = "$(TARGET_NAME)";
				WARNING_LDFLAGS = "";
			};
			name = Release;
		};
/* End XCBuildConfiguration section */

/* Begin XCConfigurationList section */
		1510F62A19E3F16800CF73A0 /* Build configuration list for PBXProject "Snake" */ = {
			isa = XCConfigurationList;
			buildConfigurations = (
				1510F63619E3F16800CF73A0 /* Debug */,
				1510F63719E3F16800CF73A0 /* Release */,
			);
			defaultConfigurationIsVisible = 0;
			defaultConfigurationName = Release;
		};
		1510F63819E3F16800CF73A0 /* Build configuration list for PBXNativeTarget "Snake" */ = {
			isa = XCConfigurationList;
			buildConfigurations = (
				1510F63919E3F16800CF73A0 /* Debug */,
				1510F63A19E3F16800CF73A0 /* Release */,
			);
			defaultConfigurationIsVisible = 0;
			defaultConfigurationName = Release;
		};
/* End XCConfigurationList section */
	};
	rootObject = 1510F62719E3F16800CF73A0 /* Project object */;
}
